
Microsoft Visual Studio Solution File, Format Version 12.00
# Visual Studio 2012
Project("{FAE04EC0-301F-11D3-BF4B-00C04F79EFBC}") = "MqttXamarinAndroid", "MqttXamarinAndroid\MqttXamarinAndroid.csproj", "{43431F60-6451-4BD1-8A8A-2D5111ADA2D2}"
EndProject
Global
	GlobalSection(SolutionConfigurationPlatforms) = preSolution
		Debug|Any CPU = Debug|Any CPU
		Release|Any CPU = Release|Any CPU
	EndGlobalSection
	GlobalSection(ProjectConfigurationPlatforms) = postSolution
		{43431F60-6451-4BD1-8A8A-2D5111ADA2D2}.Debug|Any CPU.ActiveCfg = Debug|Any CPU
		{43431F60-6451-4BD1-8A8A-2D5111ADA2D2}.Debug|Any CPU.Build.0 = Debug|Any CPU
		{43431F60-6451-4BD1-8A8A-2D5111ADA2D2}.Release|Any CPU.ActiveCfg = Release|Any CPU
		{43431F60-6451-4BD1-8A8A-2D5111ADA2D2}.Release|Any CPU.Build.0 = Release|Any CPU
	EndGlobalSection
EndGlobal
